
Microsoft Visual Studio Solution File, Format Version 12.00
# Visual Studio Version 17
VisualStudioVersion = 17.12.35527.113 d17.12
MinimumVisualStudioVersion = 10.0.40219.1
Project("{FAE04EC0-301F-11D3-BF4B-00C04F79EFBC}") = "FourBit.Characters", "FourBit.Characters\FourBit.Characters.csproj", "{0F727C11-892E-4AB9-88FE-EDC50D0B9169}"
EndProject
Project("{FAE04EC0-301F-11D3-BF4B-00C04F79EFBC}") = "FourBit.Characters.Tests", "ForBit.Characters.Tests\FourBit.Characters.Tests.csproj", "{191FDFE5-970F-470F-9439-517CD3EEB0B4}"
EndProject
Global
	GlobalSection(SolutionConfigurationPlatforms) = preSolution
		Debug|Any CPU = Debug|Any CPU
		Release|Any CPU = Release|Any CPU
	EndGlobalSection
	GlobalSection(ProjectConfigurationPlatforms) = postSolution
		{0F727C11-892E-4AB9-88FE-EDC50D0B9169}.Debug|Any CPU.ActiveCfg = Debug|Any CPU
		{0F727C11-892E-4AB9-88FE-EDC50D0B9169}.Debug|Any CPU.Build.0 = Debug|Any CPU
		{0F727C11-892E-4AB9-88FE-EDC50D0B9169}.Release|Any CPU.ActiveCfg = Release|Any CPU
		{0F727C11-892E-4AB9-88FE-EDC50D0B9169}.Release|Any CPU.Build.0 = Release|Any CPU
		{191FDFE5-970F-470F-9439-517CD3EEB0B4}.Debug|Any CPU.ActiveCfg = Debug|Any CPU
		{191FDFE5-970F-470F-9439-517CD3EEB0B4}.Debug|Any CPU.Build.0 = Debug|Any CPU
		{191FDFE5-970F-470F-9439-517CD3EEB0B4}.Release|Any CPU.ActiveCfg = Release|Any CPU
		{191FDFE5-970F-470F-9439-517CD3EEB0B4}.Release|Any CPU.Build.0 = Release|Any CPU
	EndGlobalSection
	GlobalSection(SolutionProperties) = preSolution
		HideSolutionNode = FALSE
	EndGlobalSection
EndGlobal
